// !$*UTF8*$!
{
	archiveVersion = 1;
	classes = {
	};
	objectVersion = 48;
	objects = {

/* Begin PBXBuildFile section */
		D5FEAF481FA29ACA00BC5AD3 /* VectorTester.o in Frameworks */ = {isa = PBXBuildFile; fileRef = D5FEAF3F1FA29ACA00BC5AD3 /* VectorTester.o */; };
		D5FEAF491FA29ACA00BC5AD3 /* Vector.o in Frameworks */ = {isa = PBXBuildFile; fileRef = D5FEAF401FA29ACA00BC5AD3 /* Vector.o */; };
		D5FEAF4A1FA29ACA00BC5AD3 /* main.cpp in Sources */ = {isa = PBXBuildFile; fileRef = D5FEAF411FA29ACA00BC5AD3 /* main.cpp */; };
		D5FEAF4B1FA29ACA00BC5AD3 /* Vector.cpp in Sources */ = {isa = PBXBuildFile; fileRef = D5FEAF421FA29ACA00BC5AD3 /* Vector.cpp */; };
		D5FEAF4C1FA29ACA00BC5AD3 /* VectorTester.cpp in Sources */ = {isa = PBXBuildFile; fileRef = D5FEAF461FA29ACA00BC5AD3 /* VectorTester.cpp */; };
		D5FEAF4D1FA29ACA00BC5AD3 /* makefile in Sources */ = {isa = PBXBuildFile; fileRef = D5FEAF471FA29ACA00BC5AD3 /* makefile */; };
/* End PBXBuildFile section */

/* Begin PBXCopyFilesBuildPhase section */
		D5FEAF331FA29AAB00BC5AD3 /* CopyFiles */ = {
			isa = PBXCopyFilesBuildPhase;
			buildActionMask = 2147483647;
			dstPath = /usr/share/man/man1/;
			dstSubfolderSpec = 0;
			files = (
			);
			runOnlyForDeploymentPostprocessing = 1;
		};
/* End PBXCopyFilesBuildPhase section */

/* Begin PBXFileReference section */
		D5FEAF351FA29AAB00BC5AD3 /* Practical2-xcode */ = {isa = PBXFileReference; explicitFileType = "compiled.mach-o.executable"; includeInIndex = 0; path = "Practical2-xcode"; sourceTree = BUILT_PRODUCTS_DIR; };
		D5FEAF3F1FA29ACA00BC5AD3 /* VectorTester.o */ = {isa = PBXFileReference; lastKnownFileType = "compiled.mach-o.objfile"; path = VectorTester.o; sourceTree = "<group>"; };
		D5FEAF401FA29ACA00BC5AD3 /* Vector.o */ = {isa = PBXFileReference; lastKnownFileType = "compiled.mach-o.objfile"; path = Vector.o; sourceTree = "<group>"; };
		D5FEAF411FA29ACA00BC5AD3 /* main.cpp */ = {isa = PBXFileReference; fileEncoding = 4; lastKnownFileType = sourcecode.cpp.cpp; path = main.cpp; sourceTree = "<group>"; };
		D5FEAF421FA29ACA00BC5AD3 /* Vector.cpp */ = {isa = PBXFileReference; fileEncoding = 4; lastKnownFileType = sourcecode.cpp.cpp; path = Vector.cpp; sourceTree = "<group>"; };
		D5FEAF431FA29ACA00BC5AD3 /* VectorTester.h */ = {isa = PBXFileReference; fileEncoding = 4; lastKnownFileType = sourcecode.c.h; path = VectorTester.h; sourceTree = "<group>"; };
		D5FEAF441FA29ACA00BC5AD3 /* Vector.h */ = {isa = PBXFileReference; fileEncoding = 4; lastKnownFileType = sourcecode.c.h; path = Vector.h; sourceTree = "<group>"; };
		D5FEAF451FA29ACA00BC5AD3 /* main */ = {isa = PBXFileReference; lastKnownFileType = file; path = main; sourceTree = "<group>"; };
		D5FEAF461FA29ACA00BC5AD3 /* VectorTester.cpp */ = {isa = PBXFileReference; fileEncoding = 4; lastKnownFileType = sourcecode.cpp.cpp; path = VectorTester.cpp; sourceTree = "<group>"; };
		D5FEAF471FA29ACA00BC5AD3 /* makefile */ = {isa = PBXFileReference; fileEncoding = 4; lastKnownFileType = sourcecode.make; path = makefile; sourceTree = "<group>"; };
/* End PBXFileReference section */

/* Begin PBXFrameworksBuildPhase section */
		D5FEAF321FA29AAB00BC5AD3 /* Frameworks */ = {
			isa = PBXFrameworksBuildPhase;
			buildActionMask = 2147483647;
			files = (
				D5FEAF491FA29ACA00BC5AD3 /* Vector.o in Frameworks */,
				D5FEAF481FA29ACA00BC5AD3 /* VectorTester.o in Frameworks */,
			);
			runOnlyForDeploymentPostprocessing = 0;
		};
/* End PBXFrameworksBuildPhase section */

/* Begin PBXGroup section */
		D5FEAF2C1FA29AAB00BC5AD3 = {
			isa = PBXGroup;
			children = (
				D5FEAF371FA29AAB00BC5AD3 /* Practical2-xcode */,
				D5FEAF361FA29AAB00BC5AD3 /* Products */,
			);
			sourceTree = "<group>";
		};
		D5FEAF361FA29AAB00BC5AD3 /* Products */ = {
			isa = PBXGroup;
			children = (
				D5FEAF351FA29AAB00BC5AD3 /* Practical2-xcode */,
			);
			name = Products;
			sourceTree = "<group>";
		};
		D5FEAF371FA29AAB00BC5AD3 /* Practical2-xcode */ = {
			isa = PBXGroup;
			children = (
				D5FEAF451FA29ACA00BC5AD3 /* main */,
				D5FEAF411FA29ACA00BC5AD3 /* main.cpp */,
				D5FEAF471FA29ACA00BC5AD3 /* makefile */,
				D5FEAF421FA29ACA00BC5AD3 /* Vector.cpp */,
				D5FEAF441FA29ACA00BC5AD3 /* Vector.h */,
				D5FEAF401FA29ACA00BC5AD3 /* Vector.o */,
				D5FEAF461FA29ACA00BC5AD3 /* VectorTester.cpp */,
				D5FEAF431FA29ACA00BC5AD3 /* VectorTester.h */,
				D5FEAF3F1FA29ACA00BC5AD3 /* VectorTester.o */,
			);
			path = "Practical2-xcode";
			sourceTree = "<group>";
		};
/* End PBXGroup section */

/* Begin PBXNativeTarget section */
		D5FEAF341FA29AAB00BC5AD3 /* Practical2-xcode */ = {
			isa = PBXNativeTarget;
			buildConfigurationList = D5FEAF3C1FA29AAB00BC5AD3 /* Build configuration list for PBXNativeTarget "Practical2-xcode" */;
			buildPhases = (
				D5FEAF311FA29AAB00BC5AD3 /* Sources */,
				D5FEAF321FA29AAB00BC5AD3 /* Frameworks */,
				D5FEAF331FA29AAB00BC5AD3 /* CopyFiles */,
			);
			buildRules = (
			);
			dependencies = (
			);
			name = "Practical2-xcode";
			productName = "Practical2-xcode";
			productReference = D5FEAF351FA29AAB00BC5AD3 /* Practical2-xcode */;
			productType = "com.apple.product-type.tool";
		};
/* End PBXNativeTarget section */

/* Begin PBXProject section */
		D5FEAF2D1FA29AAB00BC5AD3 /* Project object */ = {
			isa = PBXProject;
			attributes = {
				LastUpgradeCheck = 0900;
				ORGANIZATIONNAME = "Adrien Pourtier";
				TargetAttributes = {
					D5FEAF341FA29AAB00BC5AD3 = {
						CreatedOnToolsVersion = 9.0.1;
						ProvisioningStyle = Automatic;
					};
				};
			};
			buildConfigurationList = D5FEAF301FA29AAB00BC5AD3 /* Build configuration list for PBXProject "Practical2-xcode" */;
			compatibilityVersion = "Xcode 8.0";
			developmentRegion = en;
			hasScannedForEncodings = 0;
			knownRegions = (
				en,
			);
			mainGroup = D5FEAF2C1FA29AAB00BC5AD3;
			productRefGroup = D5FEAF361FA29AAB00BC5AD3 /* Products */;
			projectDirPath = "";
			projectRoot = "";
			targets = (
				D5FEAF341FA29AAB00BC5AD3 /* Practical2-xcode */,
			);
		};
/* End PBXProject section */

/* Begin PBXSourcesBuildPhase section */
		D5FEAF311FA29AAB00BC5AD3 /* Sources */ = {
			isa = PBXSourcesBuildPhase;
			buildActionMask = 2147483647;
			files = (
				D5FEAF4B1FA29ACA00BC5AD3 /* Vector.cpp in Sources */,
				D5FEAF4A1FA29ACA00BC5AD3 /* main.cpp in Sources */,
				D5FEAF4D1FA29ACA00BC5AD3 /* makefile in Sources */,
				D5FEAF4C1FA29ACA00BC5AD3 /* VectorTester.cpp in Sources */,
			);
			runOnlyForDeploymentPostprocessing = 0;
		};
/* End PBXSourcesBuildPhase section */

/* Begin XCBuildConfiguration section */
		D5FEAF3A1FA29AAB00BC5AD3 /* Debug */ = {
			isa = XCBuildConfiguration;
			buildSettings = {
				ALWAYS_SEARCH_USER_PATHS = NO;
				CLANG_ANALYZER_NONNULL = YES;
				CLANG_ANALYZER_NUMBER_OBJECT_CONVERSION = YES_AGGRESSIVE;
				CLANG_CXX_LANGUAGE_STANDARD = "gnu++14";
				CLANG_CXX_LIBRARY = "libc++";
				CLANG_ENABLE_MODULES = YES;
				CLANG_ENABLE_OBJC_ARC = YES;
				CLANG_WARN_BLOCK_CAPTURE_AUTORELEASING = YES;
				CLANG_WARN_BOOL_CONVERSION = YES;
				CLANG_WARN_COMMA = YES;
				CLANG_WARN_CONSTANT_CONVERSION = YES;
				CLANG_WARN_DIRECT_OBJC_ISA_USAGE = YES_ERROR;
				CLANG_WARN_DOCUMENTATION_COMMENTS = YES;
				CLANG_WARN_EMPTY_BODY = YES;
				CLANG_WARN_ENUM_CONVERSION = YES;
				CLANG_WARN_INFINITE_RECURSION = YES;
				CLANG_WARN_INT_CONVERSION = YES;
				CLANG_WARN_NON_LITERAL_NULL_CONVERSION = YES;
				CLANG_WARN_OBJC_LITERAL_CONVERSION = YES;
				CLANG_WARN_OBJC_ROOT_CLASS = YES_ERROR;
				CLANG_WARN_RANGE_LOOP_ANALYSIS = YES;
				CLANG_WARN_STRICT_PROTOTYPES = YES;
				CLANG_WARN_SUSPICIOUS_MOVE = YES;
				CLANG_WARN_UNGUARDED_AVAILABILITY = YES_AGGRESSIVE;
				CLANG_WARN_UNREACHABLE_CODE = YES;
				CLANG_WARN__DUPLICATE_METHOD_MATCH = YES;
				CODE_SIGN_IDENTITY = "-";
				COPY_PHASE_STRIP = NO;
				DEBUG_INFORMATION_FORMAT = dwarf;
				ENABLE_STRICT_OBJC_MSGSEND = YES;
				ENABLE_TESTABILITY = YES;
				GCC_C_LANGUAGE_STANDARD = gnu11;
				GCC_DYNAMIC_NO_PIC = NO;
				GCC_NO_COMMON_BLOCKS = YES;
				GCC_OPTIMIZATION_LEVEL = 0;
				GCC_PREPROCESSOR_DEFINITIONS = (
					"DEBUG=1",
					"$(inherited)",
				);
				GCC_WARN_64_TO_32_BIT_CONVERSION = YES;
				GCC_WARN_ABOUT_RETURN_TYPE = YES_ERROR;
				GCC_WARN_UNDECLARED_SELECTOR = YES;
				GCC_WARN_UNINITIALIZED_AUTOS = YES_AGGRESSIVE;
				GCC_WARN_UNUSED_FUNCTION = YES;
				GCC_WARN_UNUSED_VARIABLE = YES;
				MACOSX_DEPLOYMENT_TARGET = 10.13;
				MTL_ENABLE_DEBUG_INFO = YES;
				ONLY_ACTIVE_ARCH = YES;
				SDKROOT = macosx;
			};
			name = Debug;
		};
		D5FEAF3B1FA29AAB00BC5AD3 /* Release */ = {
			isa = XCBuildConfiguration;
			buildSettings = {
				ALWAYS_SEARCH_USER_PATHS = NO;
				CLANG_ANALYZER_NONNULL = YES;
				CLANG_ANALYZER_NUMBER_OBJECT_CONVERSION = YES_AGGRESSIVE;
				CLANG_CXX_LANGUAGE_STANDARD = "gnu++14";
				CLANG_CXX_LIBRARY = "libc++";
				CLANG_ENABLE_MODULES = YES;
				CLANG_ENABLE_OBJC_ARC = YES;
				CLANG_WARN_BLOCK_CAPTURE_AUTORELEASING = YES;
				CLANG_WARN_BOOL_CONVERSION = YES;
				CLANG_WARN_COMMA = YES;
				CLANG_WARN_CONSTANT_CONVERSION = YES;
				CLANG_WARN_DIRECT_OBJC_ISA_USAGE = YES_ERROR;
				CLANG_WARN_DOCUMENTATION_COMMENTS = YES;
				CLANG_WARN_EMPTY_BODY = YES;
				CLANG_WARN_ENUM_CONVERSION = YES;
				CLANG_WARN_INFINITE_RECURSION = YES;
				CLANG_WARN_INT_CONVERSION = YES;
				CLANG_WARN_NON_LITERAL_NULL_CONVERSION = YES;
				CLANG_WARN_OBJC_LITERAL_CONVERSION = YES;
				CLANG_WARN_OBJC_ROOT_CLASS = YES_ERROR;
				CLANG_WARN_RANGE_LOOP_ANALYSIS = YES;
				CLANG_WARN_STRICT_PROTOTYPES = YES;
				CLANG_WARN_SUSPICIOUS_MOVE = YES;
				CLANG_WARN_UNGUARDED_AVAILABILITY = YES_AGGRESSIVE;
				CLANG_WARN_UNREACHABLE_CODE = YES;
				CLANG_WARN__DUPLICATE_METHOD_MATCH = YES;
				CODE_SIGN_IDENTITY = "-";
				COPY_PHASE_STRIP = NO;
				DEBUG_INFORMATION_FORMAT = "dwarf-with-dsym";
				ENABLE_NS_ASSERTIONS = NO;
				ENABLE_STRICT_OBJC_MSGSEND = YES;
				GCC_C_LANGUAGE_STANDARD = gnu11;
				GCC_NO_COMMON_BLOCKS = YES;
				GCC_WARN_64_TO_32_BIT_CONVERSION = YES;
				GCC_WARN_ABOUT_RETURN_TYPE = YES_ERROR;
				GCC_WARN_UNDECLARED_SELECTOR = YES;
				GCC_WARN_UNINITIALIZED_AUTOS = YES_AGGRESSIVE;
				GCC_WARN_UNUSED_FUNCTION = YES;
				GCC_WARN_UNUSED_VARIABLE = YES;
				MACOSX_DEPLOYMENT_TARGET = 10.13;
				MTL_ENABLE_DEBUG_INFO = NO;
				SDKROOT = macosx;
			};
			name = Release;
		};
		D5FEAF3D1FA29AAB00BC5AD3 /* Debug */ = {
			isa = XCBuildConfiguration;
			buildSettings = {
				CODE_SIGN_STYLE = Automatic;
				PRODUCT_NAME = "$(TARGET_NAME)";
			};
			name = Debug;
		};
		D5FEAF3E1FA29AAB00BC5AD3 /* Release */ = {
			isa = XCBuildConfiguration;
			buildSettings = {
				CODE_SIGN_STYLE = Automatic;
				PRODUCT_NAME = "$(TARGET_NAME)";
			};
			name = Release;
		};
/* End XCBuildConfiguration section */

/* Begin XCConfigurationList section */
		D5FEAF301FA29AAB00BC5AD3 /* Build configuration list for PBXProject "Practical2-xcode" */ = {
			isa = XCConfigurationList;
			buildConfigurations = (
				D5FEAF3A1FA29AAB00BC5AD3 /* Debug */,
				D5FEAF3B1FA29AAB00BC5AD3 /* Release */,
			);
			defaultConfigurationIsVisible = 0;
			defaultConfigurationName = Release;
		};
		D5FEAF3C1FA29AAB00BC5AD3 /* Build configuration list for PBXNativeTarget "Practical2-xcode" */ = {
			isa = XCConfigurationList;
			buildConfigurations = (
				D5FEAF3D1FA29AAB00BC5AD3 /* Debug */,
				D5FEAF3E1FA29AAB00BC5AD3 /* Release */,
			);
			defaultConfigurationIsVisible = 0;
			defaultConfigurationName = Release;
		};
/* End XCConfigurationList section */
	};
	rootObject = D5FEAF2D1FA29AAB00BC5AD3 /* Project object */;
}
